
Microsoft Visual Studio Solution File, Format Version 12.00
# Visual Studio Version 17
VisualStudioVersion = 17.14.36518.9 d17.14
MinimumVisualStudioVersion = 10.0.40219.1
Project("{FAE04EC0-301F-11D3-BF4B-00C04F79EFBC}") = "NzWalks.Api", "NzWalks.Api\NzWalks.Api.csproj", "{D8819741-3819-4FC4-BBC1-95E9233356AE}"
EndProject
Global
	GlobalSection(SolutionConfigurationPlatforms) = preSolution
		Debug|Any CPU = Debug|Any CPU
		Release|Any CPU = Release|Any CPU
	EndGlobalSection
	GlobalSection(ProjectConfigurationPlatforms) = postSolution
		{D8819741-3819-4FC4-BBC1-95E9233356AE}.Debug|Any CPU.ActiveCfg = Debug|Any CPU
		{D8819741-3819-4FC4-BBC1-95E9233356AE}.Debug|Any CPU.Build.0 = Debug|Any CPU
		{D8819741-3819-4FC4-BBC1-95E9233356AE}.Release|Any CPU.ActiveCfg = Release|Any CPU
		{D8819741-3819-4FC4-BBC1-95E9233356AE}.Release|Any CPU.Build.0 = Release|Any CPU
	EndGlobalSection
	GlobalSection(SolutionProperties) = preSolution
		HideSolutionNode = FALSE
	EndGlobalSection
	GlobalSection(ExtensibilityGlobals) = postSolution
		SolutionGuid = {0C350793-D53D-4A7E-908A-9976BE9C4F38}
	EndGlobalSection
EndGlobal
